// !$*UTF8*$!
{
	archiveVersion = 1;
	classes = {
	};
	objectVersion = 46;
	objects = {

/* Begin PBXBuildFile section */
		84AFEE6D1A91360E0048CD58 /* AppDelegate.swift in Sources */ = {isa = PBXBuildFile; fileRef = 84AFEE6C1A91360E0048CD58 /* AppDelegate.swift */; };
		84AFEE6F1A91360E0048CD58 /* ViewController.swift in Sources */ = {isa = PBXBuildFile; fileRef = 84AFEE6E1A91360E0048CD58 /* ViewController.swift */; };
		84AFEE721A91360E0048CD58 /* Main.storyboard in Resources */ = {isa = PBXBuildFile; fileRef = 84AFEE701A91360E0048CD58 /* Main.storyboard */; };
		84AFEE741A91360E0048CD58 /* Images.xcassets in Resources */ = {isa = PBXBuildFile; fileRef = 84AFEE731A91360E0048CD58 /* Images.xcassets */; };
		84AFEE771A91360E0048CD58 /* LaunchScreen.xib in Resources */ = {isa = PBXBuildFile; fileRef = 84AFEE751A91360E0048CD58 /* LaunchScreen.xib */; };
		84AFEE831A91360E0048CD58 /* PDFGridTests.swift in Sources */ = {isa = PBXBuildFile; fileRef = 84AFEE821A91360E0048CD58 /* PDFGridTests.swift */; };
		84AFEE8D1A9136F40048CD58 /* PDFGridDocument.swift in Sources */ = {isa = PBXBuildFile; fileRef = 84AFEE8C1A9136F40048CD58 /* PDFGridDocument.swift */; };
/* End PBXBuildFile section */

/* Begin PBXContainerItemProxy section */
		84AFEE7D1A91360E0048CD58 /* PBXContainerItemProxy */ = {
			isa = PBXContainerItemProxy;
			containerPortal = 84AFEE5F1A91360E0048CD58 /* Project object */;
			proxyType = 1;
			remoteGlobalIDString = 84AFEE661A91360E0048CD58;
			remoteInfo = PDFGrid;
		};
/* End PBXContainerItemProxy section */

/* Begin PBXFileReference section */
		84AFEE671A91360E0048CD58 /* PDFGrid.app */ = {isa = PBXFileReference; explicitFileType = wrapper.application; includeInIndex = 0; path = PDFGrid.app; sourceTree = BUILT_PRODUCTS_DIR; };
		84AFEE6B1A91360E0048CD58 /* Info.plist */ = {isa = PBXFileReference; lastKnownFileType = text.plist.xml; path = Info.plist; sourceTree = "<group>"; };
		84AFEE6C1A91360E0048CD58 /* AppDelegate.swift */ = {isa = PBXFileReference; lastKnownFileType = sourcecode.swift; path = AppDelegate.swift; sourceTree = "<group>"; };
		84AFEE6E1A91360E0048CD58 /* ViewController.swift */ = {isa = PBXFileReference; lastKnownFileType = sourcecode.swift; path = ViewController.swift; sourceTree = "<group>"; };
		84AFEE711A91360E0048CD58 /* Base */ = {isa = PBXFileReference; lastKnownFileType = file.storyboard; name = Base; path = Base.lproj/Main.storyboard; sourceTree = "<group>"; };
		84AFEE731A91360E0048CD58 /* Images.xcassets */ = {isa = PBXFileReference; lastKnownFileType = folder.assetcatalog; path = Images.xcassets; sourceTree = "<group>"; };
		84AFEE761A91360E0048CD58 /* Base */ = {isa = PBXFileReference; lastKnownFileType = file.xib; name = Base; path = Base.lproj/LaunchScreen.xib; sourceTree = "<group>"; };
		84AFEE7C1A91360E0048CD58 /* PDFGridTests.xctest */ = {isa = PBXFileReference; explicitFileType = wrapper.cfbundle; includeInIndex = 0; path = PDFGridTests.xctest; sourceTree = BUILT_PRODUCTS_DIR; };
		84AFEE811A91360E0048CD58 /* Info.plist */ = {isa = PBXFileReference; lastKnownFileType = text.plist.xml; path = Info.plist; sourceTree = "<group>"; };
		84AFEE821A91360E0048CD58 /* PDFGridTests.swift */ = {isa = PBXFileReference; lastKnownFileType = sourcecode.swift; path = PDFGridTests.swift; sourceTree = "<group>"; };
		84AFEE8C1A9136F40048CD58 /* PDFGridDocument.swift */ = {isa = PBXFileReference; fileEncoding = 4; lastKnownFileType = sourcecode.swift; path = PDFGridDocument.swift; sourceTree = "<group>"; };
/* End PBXFileReference section */

/* Begin PBXFrameworksBuildPhase section */
		84AFEE641A91360E0048CD58 /* Frameworks */ = {
			isa = PBXFrameworksBuildPhase;
			buildActionMask = 2147483647;
			files = (
			);
			runOnlyForDeploymentPostprocessing = 0;
		};
		84AFEE791A91360E0048CD58 /* Frameworks */ = {
			isa = PBXFrameworksBuildPhase;
			buildActionMask = 2147483647;
			files = (
			);
			runOnlyForDeploymentPostprocessing = 0;
		};
/* End PBXFrameworksBuildPhase section */

/* Begin PBXGroup section */
		84AFEE5E1A91360E0048CD58 = {
			isa = PBXGroup;
			children = (
				84AFEE691A91360E0048CD58 /* PDFGrid */,
				84AFEE7F1A91360E0048CD58 /* PDFGridTests */,
				84AFEE681A91360E0048CD58 /* Products */,
			);
			sourceTree = "<group>";
		};
		84AFEE681A91360E0048CD58 /* Products */ = {
			isa = PBXGroup;
			children = (
				84AFEE671A91360E0048CD58 /* PDFGrid.app */,
				84AFEE7C1A91360E0048CD58 /* PDFGridTests.xctest */,
			);
			name = Products;
			sourceTree = "<group>";
		};
		84AFEE691A91360E0048CD58 /* PDFGrid */ = {
			isa = PBXGroup;
			children = (
				84AFEE6C1A91360E0048CD58 /* AppDelegate.swift */,
				84AFEE6E1A91360E0048CD58 /* ViewController.swift */,
				84AFEE8C1A9136F40048CD58 /* PDFGridDocument.swift */,
				84AFEE701A91360E0048CD58 /* Main.storyboard */,
				84AFEE731A91360E0048CD58 /* Images.xcassets */,
				84AFEE751A91360E0048CD58 /* LaunchScreen.xib */,
				84AFEE6A1A91360E0048CD58 /* Supporting Files */,
			);
			path = PDFGrid;
			sourceTree = "<group>";
		};
		84AFEE6A1A91360E0048CD58 /* Supporting Files */ = {
			isa = PBXGroup;
			children = (
				84AFEE6B1A91360E0048CD58 /* Info.plist */,
			);
			name = "Supporting Files";
			sourceTree = "<group>";
		};
		84AFEE7F1A91360E0048CD58 /* PDFGridTests */ = {
			isa = PBXGroup;
			children = (
				84AFEE821A91360E0048CD58 /* PDFGridTests.swift */,
				84AFEE801A91360E0048CD58 /* Supporting Files */,
			);
			path = PDFGridTests;
			sourceTree = "<group>";
		};
		84AFEE801A91360E0048CD58 /* Supporting Files */ = {
			isa = PBXGroup;
			children = (
				84AFEE811A91360E0048CD58 /* Info.plist */,
			);
			name = "Supporting Files";
			sourceTree = "<group>";
		};
/* End PBXGroup section */

/* Begin PBXNativeTarget section */
		84AFEE661A91360E0048CD58 /* PDFGrid */ = {
			isa = PBXNativeTarget;
			buildConfigurationList = 84AFEE861A91360E0048CD58 /* Build configuration list for PBXNativeTarget "PDFGrid" */;
			buildPhases = (
				84AFEE631A91360E0048CD58 /* Sources */,
				84AFEE641A91360E0048CD58 /* Frameworks */,
				84AFEE651A91360E0048CD58 /* Resources */,
			);
			buildRules = (
			);
			dependencies = (
			);
			name = PDFGrid;
			productName = PDFGrid;
			productReference = 84AFEE671A91360E0048CD58 /* PDFGrid.app */;
			productType = "com.apple.product-type.application";
		};
		84AFEE7B1A91360E0048CD58 /* PDFGridTests */ = {
			isa = PBXNativeTarget;
			buildConfigurationList = 84AFEE891A91360E0048CD58 /* Build configuration list for PBXNativeTarget "PDFGridTests" */;
			buildPhases = (
				84AFEE781A91360E0048CD58 /* Sources */,
				84AFEE791A91360E0048CD58 /* Frameworks */,
				84AFEE7A1A91360E0048CD58 /* Resources */,
			);
			buildRules = (
			);
			dependencies = (
				84AFEE7E1A91360E0048CD58 /* PBXTargetDependency */,
			);
			name = PDFGridTests;
			productName = PDFGridTests;
			productReference = 84AFEE7C1A91360E0048CD58 /* PDFGridTests.xctest */;
			productType = "com.apple.product-type.bundle.unit-test";
		};
/* End PBXNativeTarget section */

/* Begin PBXProject section */
		84AFEE5F1A91360E0048CD58 /* Project object */ = {
			isa = PBXProject;
			attributes = {
				LastSwiftMigration = 0720;
				LastSwiftUpdateCheck = 0720;
				LastUpgradeCheck = 0720;
				ORGANIZATIONNAME = "Clay Tinnell";
				TargetAttributes = {
					84AFEE661A91360E0048CD58 = {
						CreatedOnToolsVersion = 6.1.1;
					};
					84AFEE7B1A91360E0048CD58 = {
						CreatedOnToolsVersion = 6.1.1;
						TestTargetID = 84AFEE661A91360E0048CD58;
					};
				};
			};
			buildConfigurationList = 84AFEE621A91360E0048CD58 /* Build configuration list for PBXProject "PDFGrid" */;
			compatibilityVersion = "Xcode 3.2";
			developmentRegion = English;
			hasScannedForEncodings = 0;
			knownRegions = (
				en,
				Base,
			);
			mainGroup = 84AFEE5E1A91360E0048CD58;
			productRefGroup = 84AFEE681A91360E0048CD58 /* Products */;
			projectDirPath = "";
			projectRoot = "";
			targets = (
				84AFEE661A91360E0048CD58 /* PDFGrid */,
				84AFEE7B1A91360E0048CD58 /* PDFGridTests */,
			);
		};
/* End PBXProject section */

/* Begin PBXResourcesBuildPhase section */
		84AFEE651A91360E0048CD58 /* Resources */ = {
			isa = PBXResourcesBuildPhase;
			buildActionMask = 2147483647;
			files = (
				84AFEE721A91360E0048CD58 /* Main.storyboard in Resources */,
				84AFEE771A91360E0048CD58 /* LaunchScreen.xib in Resources */,
				84AFEE741A91360E0048CD58 /* Images.xcassets in Resources */,
			);
			runOnlyForDeploymentPostprocessing = 0;
		};
		84AFEE7A1A91360E0048CD58 /* Resources */ = {
			isa = PBXResourcesBuildPhase;
			buildActionMask = 2147483647;
			files = (
			);
			runOnlyForDeploymentPostprocessing = 0;
		};
/* End PBXResourcesBuildPhase section */

/* Begin PBXSourcesBuildPhase section */
		84AFEE631A91360E0048CD58 /* Sources */ = {
			isa = PBXSourcesBuildPhase;
			buildActionMask = 2147483647;
			files = (
				84AFEE6F1A91360E0048CD58 /* ViewController.swift in Sources */,
				84AFEE8D1A9136F40048CD58 /* PDFGridDocument.swift in Sources */,
				84AFEE6D1A91360E0048CD58 /* AppDelegate.swift in Sources */,
			);
			runOnlyForDeploymentPostprocessing = 0;
		};
		84AFEE781A91360E0048CD58 /* Sources */ = {
			isa = PBXSourcesBuildPhase;
			buildActionMask = 2147483647;
			files = (
				84AFEE831A91360E0048CD58 /* PDFGridTests.swift in Sources */,
			);
			runOnlyForDeploymentPostprocessing = 0;
		};
/* End PBXSourcesBuildPhase section */

/* Begin PBXTargetDependency section */
		84AFEE7E1A91360E0048CD58 /* PBXTargetDependency */ = {
			isa = PBXTargetDependency;
			target = 84AFEE661A91360E0048CD58 /* PDFGrid */;
			targetProxy = 84AFEE7D1A91360E0048CD58 /* PBXContainerItemProxy */;
		};
/* End PBXTargetDependency section */

/* Begin PBXVariantGroup section */
		84AFEE701A91360E0048CD58 /* Main.storyboard */ = {
			isa = PBXVariantGroup;
			children = (
				84AFEE711A91360E0048CD58 /* Base */,
			);
			name = Main.storyboard;
			sourceTree = "<group>";
		};
		84AFEE751A91360E0048CD58 /* LaunchScreen.xib */ = {
			isa = PBXVariantGroup;
			children = (
				84AFEE761A91360E0048CD58 /* Base */,
			);
			name = LaunchScreen.xib;
			sourceTree = "<group>";
		};
/* End PBXVariantGroup section */

/* Begin XCBuildConfiguration section */
		84AFEE841A91360E0048CD58 /* Debug */ = {
			isa = XCBuildConfiguration;
			buildSettings = {
				ALWAYS_SEARCH_USER_PATHS = NO;
				CLANG_CXX_LANGUAGE_STANDARD = "gnu++0x";
				CLANG_CXX_LIBRARY = "libc++";
				CLANG_ENABLE_MODULES = YES;
				CLANG_ENABLE_OBJC_ARC = YES;
				CLANG_WARN_BOOL_CONVERSION = YES;
				CLANG_WARN_CONSTANT_CONVERSION = YES;
				CLANG_WARN_DIRECT_OBJC_ISA_USAGE = YES_ERROR;
				CLANG_WARN_EMPTY_BODY = YES;
				CLANG_WARN_ENUM_CONVERSION = YES;
				CLANG_WARN_INT_CONVERSION = YES;
				CLANG_WARN_OBJC_ROOT_CLASS = YES_ERROR;
				CLANG_WARN_UNREACHABLE_CODE = YES;
				CLANG_WARN__DUPLICATE_METHOD_MATCH = YES;
				"CODE_SIGN_IDENTITY[sdk=iphoneos*]" = "iPhone Developer";
				COPY_PHASE_STRIP = NO;
				ENABLE_STRICT_OBJC_MSGSEND = YES;
				ENABLE_TESTABILITY = YES;
				GCC_C_LANGUAGE_STANDARD = gnu99;
				GCC_DYNAMIC_NO_PIC = NO;
				GCC_OPTIMIZATION_LEVEL = 0;
				GCC_PREPROCESSOR_DEFINITIONS = (
					"DEBUG=1",
					"$(inherited)",
				);
				GCC_SYMBOLS_PRIVATE_EXTERN = NO;
				GCC_WARN_64_TO_32_BIT_CONVERSION = YES;
				GCC_WARN_ABOUT_RETURN_TYPE = YES_ERROR;
				GCC_WARN_UNDECLARED_SELECTOR = YES;
				GCC_WARN_UNINITIALIZED_AUTOS = YES_AGGRESSIVE;
				GCC_WARN_UNUSED_FUNCTION = YES;
				GCC_WARN_UNUSED_VARIABLE = YES;
				IPHONEOS_DEPLOYMENT_TARGET = 8.1;
				MTL_ENABLE_DEBUG_INFO = YES;
				ONLY_ACTIVE_ARCH = YES;
				SDKROOT = iphoneos;
				SWIFT_OPTIMIZATION_LEVEL = "-Onone";
				TARGETED_DEVICE_FAMILY = "1,2";
			};
			name = Debug;
		};
		84AFEE851A91360E0048CD58 /* Release */ = {
			isa = XCBuildConfiguration;
			buildSettings = {
				ALWAYS_SEARCH_USER_PATHS = NO;
				CLANG_CXX_LANGUAGE_STANDARD = "gnu++0x";
				CLANG_CXX_LIBRARY = "libc++";
				CLANG_ENABLE_MODULES = YES;
				CLANG_ENABLE_OBJC_ARC = YES;
				CLANG_WARN_BOOL_CONVERSION = YES;
				CLANG_WARN_CONSTANT_CONVERSION = YES;
				CLANG_WARN_DIRECT_OBJC_ISA_USAGE = YES_ERROR;
				CLANG_WARN_EMPTY_BODY = YES;
				CLANG_WARN_ENUM_CONVERSION = YES;
				CLANG_WARN_INT_CONVERSION = YES;
				CLANG_WARN_OBJC_ROOT_CLASS = YES_ERROR;
				CLANG_WARN_UNREACHABLE_CODE = YES;
				CLANG_WARN__DUPLICATE_METHOD_MATCH = YES;
				"CODE_SIGN_IDENTITY[sdk=iphoneos*]" = "iPhone Developer";
				COPY_PHASE_STRIP = YES;
				ENABLE_NS_ASSERTIONS = NO;
				ENABLE_STRICT_OBJC_MSGSEND = YES;
				GCC_C_LANGUAGE_STANDARD = gnu99;
				GCC_WARN_64_TO_32_BIT_CONVERSION = YES;
				GCC_WARN_ABOUT_RETURN_TYPE = YES_ERROR;
				GCC_WARN_UNDECLARED_SELECTOR = YES;
				GCC_WARN_UNINITIALIZED_AUTOS = YES_AGGRESSIVE;
				GCC_WARN_UNUSED_FUNCTION = YES;
				GCC_WARN_UNUSED_VARIABLE = YES;
				IPHONEOS_DEPLOYMENT_TARGET = 8.1;
				MTL_ENABLE_DEBUG_INFO = NO;
				SDKROOT = iphoneos;
				TARGETED_DEVICE_FAMILY = "1,2";
				VALIDATE_PRODUCT = YES;
			};
			name = Release;
		};
		84AFEE871A91360E0048CD58 /* Debug */ = {
			isa = XCBuildConfiguration;
			buildSettings = {
				ASSETCATALOG_COMPILER_APPICON_NAME = AppIcon;
				INFOPLIST_FILE = PDFGrid/Info.plist;
				LD_RUNPATH_SEARCH_PATHS = "$(inherited) @executable_path/Frameworks";
				PRODUCT_BUNDLE_IDENTIFIER = "com.claytinnell.$(PRODUCT_NAME:rfc1034identifier)";
				PRODUCT_NAME = "$(TARGET_NAME)";
			};
			name = Debug;
		};
		84AFEE881A91360E0048CD58 /* Release */ = {
			isa = XCBuildConfiguration;
			buildSettings = {
				ASSETCATALOG_COMPILER_APPICON_NAME = AppIcon;
				INFOPLIST_FILE = PDFGrid/Info.plist;
				LD_RUNPATH_SEARCH_PATHS = "$(inherited) @executable_path/Frameworks";
				PRODUCT_BUNDLE_IDENTIFIER = "com.claytinnell.$(PRODUCT_NAME:rfc1034identifier)";
				PRODUCT_NAME = "$(TARGET_NAME)";
			};
			name = Release;
		};
		84AFEE8A1A91360E0048CD58 /* Debug */ = {
			isa = XCBuildConfiguration;
			buildSettings = {
				BUNDLE_LOADER = "$(TEST_HOST)";
				FRAMEWORK_SEARCH_PATHS = (
					"$(SDKROOT)/Developer/Library/Frameworks",
					"$(inherited)",
				);
				GCC_PREPROCESSOR_DEFINITIONS = (
					"DEBUG=1",
					"$(inherited)",
				);
				INFOPLIST_FILE = PDFGridTests/Info.plist;
				LD_RUNPATH_SEARCH_PATHS = "$(inherited) @executable_path/Frameworks @loader_path/Frameworks";
				PRODUCT_BUNDLE_IDENTIFIER = "com.claytinnell.$(PRODUCT_NAME:rfc1034identifier)";
				PRODUCT_NAME = "$(TARGET_NAME)";
				TEST_HOST = "$(BUILT_PRODUCTS_DIR)/PDFGrid.app/PDFGrid";
			};
			name = Debug;
		};
		84AFEE8B1A91360E0048CD58 /* Release */ = {
			isa = XCBuildConfiguration;
			buildSettings = {
				BUNDLE_LOADER = "$(TEST_HOST)";
				FRAMEWORK_SEARCH_PATHS = (
					"$(SDKROOT)/Developer/Library/Frameworks",
					"$(inherited)",
				);
				INFOPLIST_FILE = PDFGridTests/Info.plist;
				LD_RUNPATH_SEARCH_PATHS = "$(inherited) @executable_path/Frameworks @loader_path/Frameworks";
				PRODUCT_BUNDLE_IDENTIFIER = "com.claytinnell.$(PRODUCT_NAME:rfc1034identifier)";
				PRODUCT_NAME = "$(TARGET_NAME)";
				TEST_HOST = "$(BUILT_PRODUCTS_DIR)/PDFGrid.app/PDFGrid";
			};
			name = Release;
		};
/* End XCBuildConfiguration section */

/* Begin XCConfigurationList section */
		84AFEE621A91360E0048CD58 /* Build configuration list for PBXProject "PDFGrid" */ = {
			isa = XCConfigurationList;
			buildConfigurations = (
				84AFEE841A91360E0048CD58 /* Debug */,
				84AFEE851A91360E0048CD58 /* Release */,
			);
			defaultConfigurationIsVisible = 0;
			defaultConfigurationName = Release;
		};
		84AFEE861A91360E0048CD58 /* Build configuration list for PBXNativeTarget "PDFGrid" */ = {
			isa = XCConfigurationList;
			buildConfigurations = (
				84AFEE871A91360E0048CD58 /* Debug */,
				84AFEE881A91360E0048CD58 /* Release */,
			);
			defaultConfigurationIsVisible = 0;
			defaultConfigurationName = Release;
		};
		84AFEE891A91360E0048CD58 /* Build configuration list for PBXNativeTarget "PDFGridTests" */ = {
			isa = XCConfigurationList;
			buildConfigurations = (
				84AFEE8A1A91360E0048CD58 /* Debug */,
				84AFEE8B1A91360E0048CD58 /* Release */,
			);
			defaultConfigurationIsVisible = 0;
			defaultConfigurationName = Release;
		};
/* End XCConfigurationList section */
	};
	rootObject = 84AFEE5F1A91360E0048CD58 /* Project object */;
}
